// !$*UTF8*$!
{
	archiveVersion = 1;
	classes = {
	};
	objectVersion = 55;
	objects = {

/* Begin PBXBuildFile section */
		545C5B43BA4A37F2FCAC272C /* Pods_HW13_SettingsScreen.framework in Frameworks */ = {isa = PBXBuildFile; fileRef = C2D173EA4161D6FA8A97F54C /* Pods_HW13_SettingsScreen.framework */; };
		DD22641D284CEDAE003ED8B7 /* AppDelegate.swift in Sources */ = {isa = PBXBuildFile; fileRef = DD22641C284CEDAE003ED8B7 /* AppDelegate.swift */; };
		DD22641F284CEDAE003ED8B7 /* SceneDelegate.swift in Sources */ = {isa = PBXBuildFile; fileRef = DD22641E284CEDAE003ED8B7 /* SceneDelegate.swift */; };
		DD226421284CEDAE003ED8B7 /* ViewController.swift in Sources */ = {isa = PBXBuildFile; fileRef = DD226420284CEDAE003ED8B7 /* ViewController.swift */; };
		DD226424284CEDAE003ED8B7 /* Main.storyboard in Resources */ = {isa = PBXBuildFile; fileRef = DD226422284CEDAE003ED8B7 /* Main.storyboard */; };
		DD226426284CEDAF003ED8B7 /* Assets.xcassets in Resources */ = {isa = PBXBuildFile; fileRef = DD226425284CEDAF003ED8B7 /* Assets.xcassets */; };
		DD226429284CEDAF003ED8B7 /* LaunchScreen.storyboard in Resources */ = {isa = PBXBuildFile; fileRef = DD226427284CEDAF003ED8B7 /* LaunchScreen.storyboard */; };
/* End PBXBuildFile section */

/* Begin PBXFileReference section */
		7F5341891EAB6FCFA1961327 /* Pods-HW13-SettingsScreen.release.xcconfig */ = {isa = PBXFileReference; includeInIndex = 1; lastKnownFileType = text.xcconfig; name = "Pods-HW13-SettingsScreen.release.xcconfig"; path = "Target Support Files/Pods-HW13-SettingsScreen/Pods-HW13-SettingsScreen.release.xcconfig"; sourceTree = "<group>"; };
		BA6488304D7A4B1179824576 /* Pods-HW13-SettingsScreen.debug.xcconfig */ = {isa = PBXFileReference; includeInIndex = 1; lastKnownFileType = text.xcconfig; name = "Pods-HW13-SettingsScreen.debug.xcconfig"; path = "Target Support Files/Pods-HW13-SettingsScreen/Pods-HW13-SettingsScreen.debug.xcconfig"; sourceTree = "<group>"; };
		C2D173EA4161D6FA8A97F54C /* Pods_HW13_SettingsScreen.framework */ = {isa = PBXFileReference; explicitFileType = wrapper.framework; includeInIndex = 0; path = Pods_HW13_SettingsScreen.framework; sourceTree = BUILT_PRODUCTS_DIR; };
		DD226419284CEDAE003ED8B7 /* HW13-SettingsScreen.app */ = {isa = PBXFileReference; explicitFileType = wrapper.application; includeInIndex = 0; path = "HW13-SettingsScreen.app"; sourceTree = BUILT_PRODUCTS_DIR; };
		DD22641C284CEDAE003ED8B7 /* AppDelegate.swift */ = {isa = PBXFileReference; lastKnownFileType = sourcecode.swift; path = AppDelegate.swift; sourceTree = "<group>"; };
		DD22641E284CEDAE003ED8B7 /* SceneDelegate.swift */ = {isa = PBXFileReference; lastKnownFileType = sourcecode.swift; path = SceneDelegate.swift; sourceTree = "<group>"; };
		DD226420284CEDAE003ED8B7 /* ViewController.swift */ = {isa = PBXFileReference; lastKnownFileType = sourcecode.swift; path = ViewController.swift; sourceTree = "<group>"; };
		DD226423284CEDAE003ED8B7 /* Base */ = {isa = PBXFileReference; lastKnownFileType = file.storyboard; name = Base; path = Base.lproj/Main.storyboard; sourceTree = "<group>"; };
		DD226425284CEDAF003ED8B7 /* Assets.xcassets */ = {isa = PBXFileReference; lastKnownFileType = folder.assetcatalog; path = Assets.xcassets; sourceTree = "<group>"; };
		DD226428284CEDAF003ED8B7 /* Base */ = {isa = PBXFileReference; lastKnownFileType = file.storyboard; name = Base; path = Base.lproj/LaunchScreen.storyboard; sourceTree = "<group>"; };
		DD22642A284CEDAF003ED8B7 /* Info.plist */ = {isa = PBXFileReference; lastKnownFileType = text.plist.xml; path = Info.plist; sourceTree = "<group>"; };
/* End PBXFileReference section */

/* Begin PBXFrameworksBuildPhase section */
		DD226416284CEDAE003ED8B7 /* Frameworks */ = {
			isa = PBXFrameworksBuildPhase;
			buildActionMask = 2147483647;
			files = (
				545C5B43BA4A37F2FCAC272C /* Pods_HW13_SettingsScreen.framework in Frameworks */,
			);
			runOnlyForDeploymentPostprocessing = 0;
		};
/* End PBXFrameworksBuildPhase section */

/* Begin PBXGroup section */
		83B89DECD0FCE56E202E0FB0 /* Frameworks */ = {
			isa = PBXGroup;
			children = (
				C2D173EA4161D6FA8A97F54C /* Pods_HW13_SettingsScreen.framework */,
			);
			name = Frameworks;
			sourceTree = "<group>";
		};
		865758E0199094DB6F296425 /* Pods */ = {
			isa = PBXGroup;
			children = (
				BA6488304D7A4B1179824576 /* Pods-HW13-SettingsScreen.debug.xcconfig */,
				7F5341891EAB6FCFA1961327 /* Pods-HW13-SettingsScreen.release.xcconfig */,
			);
			name = Pods;
			path = Pods;
			sourceTree = "<group>";
		};
		DD226410284CEDAE003ED8B7 = {
			isa = PBXGroup;
			children = (
				DD22641B284CEDAE003ED8B7 /* HW13-SettingsScreen */,
				DD22641A284CEDAE003ED8B7 /* Products */,
				865758E0199094DB6F296425 /* Pods */,
				83B89DECD0FCE56E202E0FB0 /* Frameworks */,
			);
			sourceTree = "<group>";
		};
		DD22641A284CEDAE003ED8B7 /* Products */ = {
			isa = PBXGroup;
			children = (
				DD226419284CEDAE003ED8B7 /* HW13-SettingsScreen.app */,
			);
			name = Products;
			sourceTree = "<group>";
		};
		DD22641B284CEDAE003ED8B7 /* HW13-SettingsScreen */ = {
			isa = PBXGroup;
			children = (
				DD22641C284CEDAE003ED8B7 /* AppDelegate.swift */,
				DD22641E284CEDAE003ED8B7 /* SceneDelegate.swift */,
				DD226420284CEDAE003ED8B7 /* ViewController.swift */,
				DD226422284CEDAE003ED8B7 /* Main.storyboard */,
				DD226425284CEDAF003ED8B7 /* Assets.xcassets */,
				DD226427284CEDAF003ED8B7 /* LaunchScreen.storyboard */,
				DD22642A284CEDAF003ED8B7 /* Info.plist */,
			);
			path = "HW13-SettingsScreen";
			sourceTree = "<group>";
		};
/* End PBXGroup section */

/* Begin PBXNativeTarget section */
		DD226418284CEDAE003ED8B7 /* HW13-SettingsScreen */ = {
			isa = PBXNativeTarget;
			buildConfigurationList = DD22642D284CEDAF003ED8B7 /* Build configuration list for PBXNativeTarget "HW13-SettingsScreen" */;
			buildPhases = (
				781BDA0FC8E6F71334B1D33B /* [CP] Check Pods Manifest.lock */,
				DD226415284CEDAE003ED8B7 /* Sources */,
				DD226416284CEDAE003ED8B7 /* Frameworks */,
				DD226417284CEDAE003ED8B7 /* Resources */,
				A85992E4312DD64BBB7ED7B9 /* [CP] Embed Pods Frameworks */,
			);
			buildRules = (
			);
			dependencies = (
			);
			name = "HW13-SettingsScreen";
			productName = "HW13-SettingsScreen";
			productReference = DD226419284CEDAE003ED8B7 /* HW13-SettingsScreen.app */;
			productType = "com.apple.product-type.application";
		};
/* End PBXNativeTarget section */

/* Begin PBXProject section */
		DD226411284CEDAE003ED8B7 /* Project object */ = {
			isa = PBXProject;
			attributes = {
				BuildIndependentTargetsInParallel = 1;
				LastSwiftUpdateCheck = 1330;
				LastUpgradeCheck = 1330;
				TargetAttributes = {
					DD226418284CEDAE003ED8B7 = {
						CreatedOnToolsVersion = 13.3.1;
					};
				};
			};
			buildConfigurationList = DD226414284CEDAE003ED8B7 /* Build configuration list for PBXProject "HW13-SettingsScreen" */;
			compatibilityVersion = "Xcode 13.0";
			developmentRegion = en;
			hasScannedForEncodings = 0;
			knownRegions = (
				en,
				Base,
			);
			mainGroup = DD226410284CEDAE003ED8B7;
			productRefGroup = DD22641A284CEDAE003ED8B7 /* Products */;
			projectDirPath = "";
			projectRoot = "";
			targets = (
				DD226418284CEDAE003ED8B7 /* HW13-SettingsScreen */,
			);
		};
/* End PBXProject section */

/* Begin PBXResourcesBuildPhase section */
		DD226417284CEDAE003ED8B7 /* Resources */ = {
			isa = PBXResourcesBuildPhase;
			buildActionMask = 2147483647;
			files = (
				DD226429284CEDAF003ED8B7 /* LaunchScreen.storyboard in Resources */,
				DD226426284CEDAF003ED8B7 /* Assets.xcassets in Resources */,
				DD226424284CEDAE003ED8B7 /* Main.storyboard in Resources */,
			);
			runOnlyForDeploymentPostprocessing = 0;
		};
/* End PBXResourcesBuildPhase section */

/* Begin PBXShellScriptBuildPhase section */
		781BDA0FC8E6F71334B1D33B /* [CP] Check Pods Manifest.lock */ = {
			isa = PBXShellScriptBuildPhase;
			buildActionMask = 2147483647;
			files = (
			);
			inputFileListPaths = (
			);
			inputPaths = (
				"${PODS_PODFILE_DIR_PATH}/Podfile.lock",
				"${PODS_ROOT}/Manifest.lock",
			);
			name = "[CP] Check Pods Manifest.lock";
			outputFileListPaths = (
			);
			outputPaths = (
				"$(DERIVED_FILE_DIR)/Pods-HW13-SettingsScreen-checkManifestLockResult.txt",
			);
			runOnlyForDeploymentPostprocessing = 0;
			shellPath = /bin/sh;
			shellScript = "diff \"${PODS_PODFILE_DIR_PATH}/Podfile.lock\" \"${PODS_ROOT}/Manifest.lock\" > /dev/null\nif [ $? != 0 ] ; then\n    # print error to STDERR\n    echo \"error: The sandbox is not in sync with the Podfile.lock. Run 'pod install' or update your CocoaPods installation.\" >&2\n    exit 1\nfi\n# This output is used by Xcode 'outputs' to avoid re-running this script phase.\necho \"SUCCESS\" > \"${SCRIPT_OUTPUT_FILE_0}\"\n";
			showEnvVarsInLog = 0;
		};
		A85992E4312DD64BBB7ED7B9 /* [CP] Embed Pods Frameworks */ = {
			isa = PBXShellScriptBuildPhase;
			buildActionMask = 2147483647;
			files = (
			);
			inputFileListPaths = (
				"${PODS_ROOT}/Target Support Files/Pods-HW13-SettingsScreen/Pods-HW13-SettingsScreen-frameworks-${CONFIGURATION}-input-files.xcfilelist",
			);
			name = "[CP] Embed Pods Frameworks";
			outputFileListPaths = (
				"${PODS_ROOT}/Target Support Files/Pods-HW13-SettingsScreen/Pods-HW13-SettingsScreen-frameworks-${CONFIGURATION}-output-files.xcfilelist",
			);
			runOnlyForDeploymentPostprocessing = 0;
			shellPath = /bin/sh;
			shellScript = "\"${PODS_ROOT}/Target Support Files/Pods-HW13-SettingsScreen/Pods-HW13-SettingsScreen-frameworks.sh\"\n";
			showEnvVarsInLog = 0;
		};
/* End PBXShellScriptBuildPhase section */

/* Begin PBXSourcesBuildPhase section */
		DD226415284CEDAE003ED8B7 /* Sources */ = {
			isa = PBXSourcesBuildPhase;
			buildActionMask = 2147483647;
			files = (
				DD226421284CEDAE003ED8B7 /* ViewController.swift in Sources */,
				DD22641D284CEDAE003ED8B7 /* AppDelegate.swift in Sources */,
				DD22641F284CEDAE003ED8B7 /* SceneDelegate.swift in Sources */,
			);
			runOnlyForDeploymentPostprocessing = 0;
		};
/* End PBXSourcesBuildPhase section */

/* Begin PBXVariantGroup section */
		DD226422284CEDAE003ED8B7 /* Main.storyboard */ = {
			isa = PBXVariantGroup;
			children = (
				DD226423284CEDAE003ED8B7 /* Base */,
			);
			name = Main.storyboard;
			sourceTree = "<group>";
		};
		DD226427284CEDAF003ED8B7 /* LaunchScreen.storyboard */ = {
			isa = PBXVariantGroup;
			children = (
				DD226428284CEDAF003ED8B7 /* Base */,
			);
			name = LaunchScreen.storyboard;
			sourceTree = "<group>";
		};
/* End PBXVariantGroup section */

/* Begin XCBuildConfiguration section */
		DD22642B284CEDAF003ED8B7 /* Debug */ = {
			isa = XCBuildConfiguration;
			buildSettings = {
				ALWAYS_SEARCH_USER_PATHS = NO;
				CLANG_ANALYZER_NONNULL = YES;
				CLANG_ANALYZER_NUMBER_OBJECT_CONVERSION = YES_AGGRESSIVE;
				CLANG_CXX_LANGUAGE_STANDARD = "gnu++17";
				CLANG_ENABLE_MODULES = YES;
				CLANG_ENABLE_OBJC_ARC = YES;
				CLANG_ENABLE_OBJC_WEAK = YES;
				CLANG_WARN_BLOCK_CAPTURE_AUTORELEASING = YES;
				CLANG_WARN_BOOL_CONVERSION = YES;
				CLANG_WARN_COMMA = YES;
				CLANG_WARN_CONSTANT_CONVERSION = YES;
				CLANG_WARN_DEPRECATED_OBJC_IMPLEMENTATIONS = YES;
				CLANG_WARN_DIRECT_OBJC_ISA_USAGE = YES_ERROR;
				CLANG_WARN_DOCUMENTATION_COMMENTS = YES;
				CLANG_WARN_EMPTY_BODY = YES;
				CLANG_WARN_ENUM_CONVERSION = YES;
				CLANG_WARN_INFINITE_RECURSION = YES;
				CLANG_WARN_INT_CONVERSION = YES;
				CLANG_WARN_NON_LITERAL_NULL_CONVERSION = YES;
				CLANG_WARN_OBJC_IMPLICIT_RETAIN_SELF = YES;
				CLANG_WARN_OBJC_LITERAL_CONVERSION = YES;
				CLANG_WARN_OBJC_ROOT_CLASS = YES_ERROR;
				CLANG_WARN_QUOTED_INCLUDE_IN_FRAMEWORK_HEADER = YES;
				CLANG_WARN_RANGE_LOOP_ANALYSIS = YES;
				CLANG_WARN_STRICT_PROTOTYPES = YES;
				CLANG_WARN_SUSPICIOUS_MOVE = YES;
				CLANG_WARN_UNGUARDED_AVAILABILITY = YES_AGGRESSIVE;
				CLANG_WARN_UNREACHABLE_CODE = YES;
				CLANG_WARN__DUPLICATE_METHOD_MATCH = YES;
				COPY_PHASE_STRIP = NO;
				DEBUG_INFORMATION_FORMAT = dwarf;
				ENABLE_STRICT_OBJC_MSGSEND = YES;
				ENABLE_TESTABILITY = YES;
				GCC_C_LANGUAGE_STANDARD = gnu11;
				GCC_DYNAMIC_NO_PIC = NO;
				GCC_NO_COMMON_BLOCKS = YES;
				GCC_OPTIMIZATION_LEVEL = 0;
				GCC_PREPROCESSOR_DEFINITIONS = (
					"DEBUG=1",
					"$(inherited)",
				);
				GCC_WARN_64_TO_32_BIT_CONVERSION = YES;
				GCC_WARN_ABOUT_RETURN_TYPE = YES_ERROR;
				GCC_WARN_UNDECLARED_SELECTOR = YES;
				GCC_WARN_UNINITIALIZED_AUTOS = YES_AGGRESSIVE;
				GCC_WARN_UNUSED_FUNCTION = YES;
				GCC_WARN_UNUSED_VARIABLE = YES;
				IPHONEOS_DEPLOYMENT_TARGET = 15.4;
				MTL_ENABLE_DEBUG_INFO = INCLUDE_SOURCE;
				MTL_FAST_MATH = YES;
				ONLY_ACTIVE_ARCH = YES;
				SDKROOT = iphoneos;
				SWIFT_ACTIVE_COMPILATION_CONDITIONS = DEBUG;
				SWIFT_OPTIMIZATION_LEVEL = "-Onone";
			};
			name = Debug;
		};
		DD22642C284CEDAF003ED8B7 /* Release */ = {
			isa = XCBuildConfiguration;
			buildSettings = {
				ALWAYS_SEARCH_USER_PATHS = NO;
				CLANG_ANALYZER_NONNULL = YES;
				CLANG_ANALYZER_NUMBER_OBJECT_CONVERSION = YES_AGGRESSIVE;
				CLANG_CXX_LANGUAGE_STANDARD = "gnu++17";
				CLANG_ENABLE_MODULES = YES;
				CLANG_ENABLE_OBJC_ARC = YES;
				CLANG_ENABLE_OBJC_WEAK = YES;
				CLANG_WARN_BLOCK_CAPTURE_AUTORELEASING = YES;
				CLANG_WARN_BOOL_CONVERSION = YES;
				CLANG_WARN_COMMA = YES;
				CLANG_WARN_CONSTANT_CONVERSION = YES;
				CLANG_WARN_DEPRECATED_OBJC_IMPLEMENTATIONS = YES;
				CLANG_WARN_DIRECT_OBJC_ISA_USAGE = YES_ERROR;
				CLANG_WARN_DOCUMENTATION_COMMENTS = YES;
				CLANG_WARN_EMPTY_BODY = YES;
				CLANG_WARN_ENUM_CONVERSION = YES;
				CLANG_WARN_INFINITE_RECURSION = YES;
				CLANG_WARN_INT_CONVERSION = YES;
				CLANG_WARN_NON_LITERAL_NULL_CONVERSION = YES;
				CLANG_WARN_OBJC_IMPLICIT_RETAIN_SELF = YES;
				CLANG_WARN_OBJC_LITERAL_CONVERSION = YES;
				CLANG_WARN_OBJC_ROOT_CLASS = YES_ERROR;
				CLANG_WARN_QUOTED_INCLUDE_IN_FRAMEWORK_HEADER = YES;
				CLANG_WARN_RANGE_LOOP_ANALYSIS = YES;
				CLANG_WARN_STRICT_PROTOTYPES = YES;
				CLANG_WARN_SUSPICIOUS_MOVE = YES;
				CLANG_WARN_UNGUARDED_AVAILABILITY = YES_AGGRESSIVE;
				CLANG_WARN_UNREACHABLE_CODE = YES;
				CLANG_WARN__DUPLICATE_METHOD_MATCH = YES;
				COPY_PHASE_STRIP = NO;
				DEBUG_INFORMATION_FORMAT = "dwarf-with-dsym";
				ENABLE_NS_ASSERTIONS = NO;
				ENABLE_STRICT_OBJC_MSGSEND = YES;
				GCC_C_LANGUAGE_STANDARD = gnu11;
				GCC_NO_COMMON_BLOCKS = YES;
				GCC_WARN_64_TO_32_BIT_CONVERSION = YES;
				GCC_WARN_ABOUT_RETURN_TYPE = YES_ERROR;
				GCC_WARN_UNDECLARED_SELECTOR = YES;
				GCC_WARN_UNINITIALIZED_AUTOS = YES_AGGRESSIVE;
				GCC_WARN_UNUSED_FUNCTION = YES;
				GCC_WARN_UNUSED_VARIABLE = YES;
				IPHONEOS_DEPLOYMENT_TARGET = 15.4;
				MTL_ENABLE_DEBUG_INFO = NO;
				MTL_FAST_MATH = YES;
				SDKROOT = iphoneos;
				SWIFT_COMPILATION_MODE = wholemodule;
				SWIFT_OPTIMIZATION_LEVEL = "-O";
				VALIDATE_PRODUCT = YES;
			};
			name = Release;
		};
		DD22642E284CEDAF003ED8B7 /* Debug */ = {
			isa = XCBuildConfiguration;
			baseConfigurationReference = BA6488304D7A4B1179824576 /* Pods-HW13-SettingsScreen.debug.xcconfig */;
			buildSettings = {
				ASSETCATALOG_COMPILER_APPICON_NAME = AppIcon;
				ASSETCATALOG_COMPILER_GLOBAL_ACCENT_COLOR_NAME = AccentColor;
				CODE_SIGN_STYLE = Automatic;
				CURRENT_PROJECT_VERSION = 1;
				DEVELOPMENT_TEAM = 7CZSM4DJ6N;
				GENERATE_INFOPLIST_FILE = YES;
				INFOPLIST_FILE = "HW13-SettingsScreen/Info.plist";
				INFOPLIST_KEY_UIApplicationSupportsIndirectInputEvents = YES;
				INFOPLIST_KEY_UILaunchStoryboardName = LaunchScreen;
				INFOPLIST_KEY_UIMainStoryboardFile = Main;
				INFOPLIST_KEY_UISupportedInterfaceOrientations_iPad = "UIInterfaceOrientationPortrait UIInterfaceOrientationPortraitUpsideDown UIInterfaceOrientationLandscapeLeft UIInterfaceOrientationLandscapeRight";
				INFOPLIST_KEY_UISupportedInterfaceOrientations_iPhone = "UIInterfaceOrientationPortrait UIInterfaceOrientationLandscapeLeft UIInterfaceOrientationLandscapeRight";
				LD_RUNPATH_SEARCH_PATHS = (
					"$(inherited)",
					"@executable_path/Frameworks",
				);
				MARKETING_VERSION = 1.0;
				PRODUCT_BUNDLE_IDENTIFIER = "com.my.HW13-SettingsScreen";
				PRODUCT_NAME = "$(TARGET_NAME)";
				SWIFT_EMIT_LOC_STRINGS = YES;
				SWIFT_VERSION = 5.0;
				TARGETED_DEVICE_FAMILY = "1,2";
			};
			name = Debug;
		};
		DD22642F284CEDAF003ED8B7 /* Release */ = {
			isa = XCBuildConfiguration;
			baseConfigurationReference = 7F5341891EAB6FCFA1961327 /* Pods-HW13-SettingsScreen.release.xcconfig */;
			buildSettings = {
				ASSETCATALOG_COMPILER_APPICON_NAME = AppIcon;
				ASSETCATALOG_COMPILER_GLOBAL_ACCENT_COLOR_NAME = AccentColor;
				CODE_SIGN_STYLE = Automatic;
				CURRENT_PROJECT_VERSION = 1;
				DEVELOPMENT_TEAM = 7CZSM4DJ6N;
				GENERATE_INFOPLIST_FILE = YES;
				INFOPLIST_FILE = "HW13-SettingsScreen/Info.plist";
				INFOPLIST_KEY_UIApplicationSupportsIndirectInputEvents = YES;
				INFOPLIST_KEY_UILaunchStoryboardName = LaunchScreen;
				INFOPLIST_KEY_UIMainStoryboardFile = Main;
				INFOPLIST_KEY_UISupportedInterfaceOrientations_iPad = "UIInterfaceOrientationPortrait UIInterfaceOrientationPortraitUpsideDown UIInterfaceOrientationLandscapeLeft UIInterfaceOrientationLandscapeRight";
				INFOPLIST_KEY_UISupportedInterfaceOrientations_iPhone = "UIInterfaceOrientationPortrait UIInterfaceOrientationLandscapeLeft UIInterfaceOrientationLandscapeRight";
				LD_RUNPATH_SEARCH_PATHS = (
					"$(inherited)",
					"@executable_path/Frameworks",
				);
				MARKETING_VERSION = 1.0;
				PRODUCT_BUNDLE_IDENTIFIER = "com.my.HW13-SettingsScreen";
				PRODUCT_NAME = "$(TARGET_NAME)";
				SWIFT_EMIT_LOC_STRINGS = YES;
				SWIFT_VERSION = 5.0;
				TARGETED_DEVICE_FAMILY = "1,2";
			};
			name = Release;
		};
/* End XCBuildConfiguration section */

/* Begin XCConfigurationList section */
		DD226414284CEDAE003ED8B7 /* Build configuration list for PBXProject "HW13-SettingsScreen" */ = {
			isa = XCConfigurationList;
			buildConfigurations = (
				DD22642B284CEDAF003ED8B7 /* Debug */,
				DD22642C284CEDAF003ED8B7 /* Release */,
			);
			defaultConfigurationIsVisible = 0;
			defaultConfigurationName = Release;
		};
		DD22642D284CEDAF003ED8B7 /* Build configuration list for PBXNativeTarget "HW13-SettingsScreen" */ = {
			isa = XCConfigurationList;
			buildConfigurations = (
				DD22642E284CEDAF003ED8B7 /* Debug */,
				DD22642F284CEDAF003ED8B7 /* Release */,
			);
			defaultConfigurationIsVisible = 0;
			defaultConfigurationName = Release;
		};
/* End XCConfigurationList section */
	};
	rootObject = DD226411284CEDAE003ED8B7 /* Project object */;
}
